
Microsoft Visual Studio Solution File, Format Version 12.00
# Visual Studio Version 16
VisualStudioVersion = 16.0.31702.278
MinimumVisualStudioVersion = 10.0.40219.1
Project("{FAE04EC0-301F-11D3-BF4B-00C04F79EFBC}") = "HomeWorkCycl", "HomeWorkCycl.csproj", "{E87D834B-1814-4EFD-9CB5-F5CB747E8F72}"
EndProject
Global
	GlobalSection(SolutionConfigurationPlatforms) = preSolution
		Debug|Any CPU = Debug|Any CPU
		Release|Any CPU = Release|Any CPU
	EndGlobalSection
	GlobalSection(ProjectConfigurationPlatforms) = postSolution
		{E87D834B-1814-4EFD-9CB5-F5CB747E8F72}.Debug|Any CPU.ActiveCfg = Debug|Any CPU
		{E87D834B-1814-4EFD-9CB5-F5CB747E8F72}.Debug|Any CPU.Build.0 = Debug|Any CPU
		{E87D834B-1814-4EFD-9CB5-F5CB747E8F72}.Release|Any CPU.ActiveCfg = Release|Any CPU
		{E87D834B-1814-4EFD-9CB5-F5CB747E8F72}.Release|Any CPU.Build.0 = Release|Any CPU
	EndGlobalSection
	GlobalSection(SolutionProperties) = preSolution
		HideSolutionNode = FALSE
	EndGlobalSection
	GlobalSection(ExtensibilityGlobals) = postSolution
		SolutionGuid = {FE2B15EA-6855-4D91-80D5-95563C80AA26}
	EndGlobalSection
EndGlobal
